
Microsoft Visual Studio Solution File, Format Version 12.00
Project("{FAE04EC0-301F-11D3-BF4B-00C04F79EFBC}") = "ContactsGateway", "ContactsGateway\ContactsGateway.csproj", "{CCA1937A-8DAB-4664-BF81-EB863B8ABFCF}"
EndProject
Global
	GlobalSection(SolutionConfigurationPlatforms) = preSolution
		Debug|Any CPU = Debug|Any CPU
		Release|Any CPU = Release|Any CPU
	EndGlobalSection
	GlobalSection(ProjectConfigurationPlatforms) = postSolution
		{CCA1937A-8DAB-4664-BF81-EB863B8ABFCF}.Debug|Any CPU.ActiveCfg = Debug|Any CPU
		{CCA1937A-8DAB-4664-BF81-EB863B8ABFCF}.Debug|Any CPU.Build.0 = Debug|Any CPU
		{CCA1937A-8DAB-4664-BF81-EB863B8ABFCF}.Release|Any CPU.ActiveCfg = Release|Any CPU
		{CCA1937A-8DAB-4664-BF81-EB863B8ABFCF}.Release|Any CPU.Build.0 = Release|Any CPU
	EndGlobalSection
EndGlobal
